
Microsoft Visual Studio Solution File, Format Version 12.00
# Visual Studio Version 17
VisualStudioVersion = 17.4.33213.308
MinimumVisualStudioVersion = 10.0.40219.1
Project("{FAE04EC0-301F-11D3-BF4B-00C04F79EFBC}") = "LINQ_1", "LINQ_1.csproj", "{613A4720-067C-4EA7-9AD8-90CDB8655251}"
EndProject
Global
	GlobalSection(SolutionConfigurationPlatforms) = preSolution
		Debug|Any CPU = Debug|Any CPU
		Release|Any CPU = Release|Any CPU
	EndGlobalSection
	GlobalSection(ProjectConfigurationPlatforms) = postSolution
		{613A4720-067C-4EA7-9AD8-90CDB8655251}.Debug|Any CPU.ActiveCfg = Debug|Any CPU
		{613A4720-067C-4EA7-9AD8-90CDB8655251}.Debug|Any CPU.Build.0 = Debug|Any CPU
		{613A4720-067C-4EA7-9AD8-90CDB8655251}.Release|Any CPU.ActiveCfg = Release|Any CPU
		{613A4720-067C-4EA7-9AD8-90CDB8655251}.Release|Any CPU.Build.0 = Release|Any CPU
	EndGlobalSection
	GlobalSection(SolutionProperties) = preSolution
		HideSolutionNode = FALSE
	EndGlobalSection
	GlobalSection(ExtensibilityGlobals) = postSolution
		SolutionGuid = {7C9DC351-281F-4300-8360-BA200CD701A5}
	EndGlobalSection
EndGlobal
